
Microsoft Visual Studio Solution File, Format Version 12.00
# Visual Studio Version 17
VisualStudioVersion = 17.2.32616.157
MinimumVisualStudioVersion = 10.0.40219.1
Project("{FAE04EC0-301F-11D3-BF4B-00C04F79EFBC}") = "Test", "Test\Test.csproj", "{A5B3A819-D120-4C83-83F0-34C4B4FB7BFD}"
EndProject
Global
	GlobalSection(SolutionConfigurationPlatforms) = preSolution
		Debug|Any CPU = Debug|Any CPU
		Release|Any CPU = Release|Any CPU
	EndGlobalSection
	GlobalSection(ProjectConfigurationPlatforms) = postSolution
		{A5B3A819-D120-4C83-83F0-34C4B4FB7BFD}.Debug|Any CPU.ActiveCfg = Debug|Any CPU
		{A5B3A819-D120-4C83-83F0-34C4B4FB7BFD}.Debug|Any CPU.Build.0 = Debug|Any CPU
		{A5B3A819-D120-4C83-83F0-34C4B4FB7BFD}.Release|Any CPU.ActiveCfg = Release|Any CPU
		{A5B3A819-D120-4C83-83F0-34C4B4FB7BFD}.Release|Any CPU.Build.0 = Release|Any CPU
	EndGlobalSection
	GlobalSection(SolutionProperties) = preSolution
		HideSolutionNode = FALSE
	EndGlobalSection
	GlobalSection(ExtensibilityGlobals) = postSolution
		SolutionGuid = {0D9D6255-989F-41B6-B089-A8989D40F082}
	EndGlobalSection
EndGlobal
